// !$*UTF8*$!
{
	archiveVersion = 1;
	classes = {
	};
	objectVersion = 77;
	objects = {

/* Begin PBXBuildFile section */
		21EF353D2E5F6792000972CC /* FirebaseAI in Frameworks */ = {isa = PBXBuildFile; productRef = 21EF353C2E5F6792000972CC /* FirebaseAI */; };
		21EF353F2E5F6792000972CC /* FirebaseAnalytics in Frameworks */ = {isa = PBXBuildFile; productRef = 21EF353E2E5F6792000972CC /* FirebaseAnalytics */; };
		21EF35412E5F6792000972CC /* FirebaseAnalyticsCore in Frameworks */ = {isa = PBXBuildFile; productRef = 21EF35402E5F6792000972CC /* FirebaseAnalyticsCore */; };
		21EF35432E5F6792000972CC /* FirebaseAnalyticsIdentitySupport in Frameworks */ = {isa = PBXBuildFile; productRef = 21EF35422E5F6792000972CC /* FirebaseAnalyticsIdentitySupport */; };
		21EF35452E5F6792000972CC /* FirebaseAppCheck in Frameworks */ = {isa = PBXBuildFile; productRef = 21EF35442E5F6792000972CC /* FirebaseAppCheck */; };
		21EF35472E5F6792000972CC /* FirebaseAppDistribution-Beta in Frameworks */ = {isa = PBXBuildFile; productRef = 21EF35462E5F6792000972CC /* FirebaseAppDistribution-Beta */; };
		21EF35492E5F6792000972CC /* FirebaseAuth in Frameworks */ = {isa = PBXBuildFile; productRef = 21EF35482E5F6792000972CC /* FirebaseAuth */; };
		21EF354B2E5F6792000972CC /* FirebaseAuthCombine-Community in Frameworks */ = {isa = PBXBuildFile; productRef = 21EF354A2E5F6792000972CC /* FirebaseAuthCombine-Community */; };
		21EF354D2E5F6792000972CC /* FirebaseCore in Frameworks */ = {isa = PBXBuildFile; productRef = 21EF354C2E5F6792000972CC /* FirebaseCore */; };
		21EF354F2E5F6792000972CC /* FirebaseCrashlytics in Frameworks */ = {isa = PBXBuildFile; productRef = 21EF354E2E5F6792000972CC /* FirebaseCrashlytics */; };
		21EF35512E5F6792000972CC /* FirebaseDatabase in Frameworks */ = {isa = PBXBuildFile; productRef = 21EF35502E5F6792000972CC /* FirebaseDatabase */; };
		21EF35532E5F6792000972CC /* FirebaseFirestore in Frameworks */ = {isa = PBXBuildFile; productRef = 21EF35522E5F6792000972CC /* FirebaseFirestore */; };
		21EF35552E5F6792000972CC /* FirebaseFirestoreCombine-Community in Frameworks */ = {isa = PBXBuildFile; productRef = 21EF35542E5F6792000972CC /* FirebaseFirestoreCombine-Community */; };
/* End PBXBuildFile section */

/* Begin PBXContainerItemProxy section */
		21A21E342E5E05BE00DF48D4 /* PBXContainerItemProxy */ = {
			isa = PBXContainerItemProxy;
			containerPortal = 21A21E1B2E5E05BD00DF48D4 /* Project object */;
			proxyType = 1;
			remoteGlobalIDString = 21A21E222E5E05BD00DF48D4;
			remoteInfo = JungleHotel;
		};
		21A21E3E2E5E05BE00DF48D4 /* PBXContainerItemProxy */ = {
			isa = PBXContainerItemProxy;
			containerPortal = 21A21E1B2E5E05BD00DF48D4 /* Project object */;
			proxyType = 1;
			remoteGlobalIDString = 21A21E222E5E05BD00DF48D4;
			remoteInfo = JungleHotel;
		};
/* End PBXContainerItemProxy section */

/* Begin PBXFileReference section */
		21A21E232E5E05BD00DF48D4 /* JungleHotel.app */ = {isa = PBXFileReference; explicitFileType = wrapper.application; includeInIndex = 0; path = JungleHotel.app; sourceTree = BUILT_PRODUCTS_DIR; };
		21A21E332E5E05BE00DF48D4 /* JungleHotelTests.xctest */ = {isa = PBXFileReference; explicitFileType = wrapper.cfbundle; includeInIndex = 0; path = JungleHotelTests.xctest; sourceTree = BUILT_PRODUCTS_DIR; };
		21A21E3D2E5E05BE00DF48D4 /* JungleHotelUITests.xctest */ = {isa = PBXFileReference; explicitFileType = wrapper.cfbundle; includeInIndex = 0; path = JungleHotelUITests.xctest; sourceTree = BUILT_PRODUCTS_DIR; };
/* End PBXFileReference section */

/* Begin PBXFileSystemSynchronizedRootGroup section */
		21A21E252E5E05BD00DF48D4 /* JungleHotel */ = {
			isa = PBXFileSystemSynchronizedRootGroup;
			path = JungleHotel;
			sourceTree = "<group>";
		};
		21A21E362E5E05BE00DF48D4 /* JungleHotelTests */ = {
			isa = PBXFileSystemSynchronizedRootGroup;
			path = JungleHotelTests;
			sourceTree = "<group>";
		};
		21A21E402E5E05BE00DF48D4 /* JungleHotelUITests */ = {
			isa = PBXFileSystemSynchronizedRootGroup;
			path = JungleHotelUITests;
			sourceTree = "<group>";
		};
/* End PBXFileSystemSynchronizedRootGroup section */

/* Begin PBXFrameworksBuildPhase section */
		21A21E202E5E05BD00DF48D4 /* Frameworks */ = {
			isa = PBXFrameworksBuildPhase;
			buildActionMask = 2147483647;
			files = (
				21EF35552E5F6792000972CC /* FirebaseFirestoreCombine-Community in Frameworks */,
				21EF35432E5F6792000972CC /* FirebaseAnalyticsIdentitySupport in Frameworks */,
				21EF353F2E5F6792000972CC /* FirebaseAnalytics in Frameworks */,
				21EF35412E5F6792000972CC /* FirebaseAnalyticsCore in Frameworks */,
				21EF35452E5F6792000972CC /* FirebaseAppCheck in Frameworks */,
				21EF353D2E5F6792000972CC /* FirebaseAI in Frameworks */,
				21EF35532E5F6792000972CC /* FirebaseFirestore in Frameworks */,
				21EF35492E5F6792000972CC /* FirebaseAuth in Frameworks */,
				21EF35472E5F6792000972CC /* FirebaseAppDistribution-Beta in Frameworks */,
				21EF354F2E5F6792000972CC /* FirebaseCrashlytics in Frameworks */,
				21EF35512E5F6792000972CC /* FirebaseDatabase in Frameworks */,
				21EF354D2E5F6792000972CC /* FirebaseCore in Frameworks */,
				21EF354B2E5F6792000972CC /* FirebaseAuthCombine-Community in Frameworks */,
			);
			runOnlyForDeploymentPostprocessing = 0;
		};
		21A21E302E5E05BE00DF48D4 /* Frameworks */ = {
			isa = PBXFrameworksBuildPhase;
			buildActionMask = 2147483647;
			files = (
			);
			runOnlyForDeploymentPostprocessing = 0;
		};
		21A21E3A2E5E05BE00DF48D4 /* Frameworks */ = {
			isa = PBXFrameworksBuildPhase;
			buildActionMask = 2147483647;
			files = (
			);
			runOnlyForDeploymentPostprocessing = 0;
		};
/* End PBXFrameworksBuildPhase section */

/* Begin PBXGroup section */
		21A21E1A2E5E05BD00DF48D4 = {
			isa = PBXGroup;
			children = (
				21A21E252E5E05BD00DF48D4 /* JungleHotel */,
				21A21E362E5E05BE00DF48D4 /* JungleHotelTests */,
				21A21E402E5E05BE00DF48D4 /* JungleHotelUITests */,
				21A21E242E5E05BD00DF48D4 /* Products */,
			);
			sourceTree = "<group>";
		};
		21A21E242E5E05BD00DF48D4 /* Products */ = {
			isa = PBXGroup;
			children = (
				21A21E232E5E05BD00DF48D4 /* JungleHotel.app */,
				21A21E332E5E05BE00DF48D4 /* JungleHotelTests.xctest */,
				21A21E3D2E5E05BE00DF48D4 /* JungleHotelUITests.xctest */,
			);
			name = Products;
			sourceTree = "<group>";
		};
/* End PBXGroup section */

/* Begin PBXNativeTarget section */
		21A21E222E5E05BD00DF48D4 /* JungleHotel */ = {
			isa = PBXNativeTarget;
			buildConfigurationList = 21A21E472E5E05BE00DF48D4 /* Build configuration list for PBXNativeTarget "JungleHotel" */;
			buildPhases = (
				21A21E1F2E5E05BD00DF48D4 /* Sources */,
				21A21E202E5E05BD00DF48D4 /* Frameworks */,
				21A21E212E5E05BD00DF48D4 /* Resources */,
			);
			buildRules = (
			);
			dependencies = (
			);
			fileSystemSynchronizedGroups = (
				21A21E252E5E05BD00DF48D4 /* JungleHotel */,
			);
			name = JungleHotel;
			packageProductDependencies = (
				21EF353C2E5F6792000972CC /* FirebaseAI */,
				21EF353E2E5F6792000972CC /* FirebaseAnalytics */,
				21EF35402E5F6792000972CC /* FirebaseAnalyticsCore */,
				21EF35422E5F6792000972CC /* FirebaseAnalyticsIdentitySupport */,
				21EF35442E5F6792000972CC /* FirebaseAppCheck */,
				21EF35462E5F6792000972CC /* FirebaseAppDistribution-Beta */,
				21EF35482E5F6792000972CC /* FirebaseAuth */,
				21EF354A2E5F6792000972CC /* FirebaseAuthCombine-Community */,
				21EF354C2E5F6792000972CC /* FirebaseCore */,
				21EF354E2E5F6792000972CC /* FirebaseCrashlytics */,
				21EF35502E5F6792000972CC /* FirebaseDatabase */,
				21EF35522E5F6792000972CC /* FirebaseFirestore */,
				21EF35542E5F6792000972CC /* FirebaseFirestoreCombine-Community */,
			);
			productName = JungleHotel;
			productReference = 21A21E232E5E05BD00DF48D4 /* JungleHotel.app */;
			productType = "com.apple.product-type.application";
		};
		21A21E322E5E05BE00DF48D4 /* JungleHotelTests */ = {
			isa = PBXNativeTarget;
			buildConfigurationList = 21A21E4A2E5E05BE00DF48D4 /* Build configuration list for PBXNativeTarget "JungleHotelTests" */;
			buildPhases = (
				21A21E2F2E5E05BE00DF48D4 /* Sources */,
				21A21E302E5E05BE00DF48D4 /* Frameworks */,
				21A21E312E5E05BE00DF48D4 /* Resources */,
			);
			buildRules = (
			);
			dependencies = (
				21A21E352E5E05BE00DF48D4 /* PBXTargetDependency */,
			);
			fileSystemSynchronizedGroups = (
				21A21E362E5E05BE00DF48D4 /* JungleHotelTests */,
			);
			name = JungleHotelTests;
			packageProductDependencies = (
			);
			productName = JungleHotelTests;
			productReference = 21A21E332E5E05BE00DF48D4 /* JungleHotelTests.xctest */;
			productType = "com.apple.product-type.bundle.unit-test";
		};
		21A21E3C2E5E05BE00DF48D4 /* JungleHotelUITests */ = {
			isa = PBXNativeTarget;
			buildConfigurationList = 21A21E4D2E5E05BE00DF48D4 /* Build configuration list for PBXNativeTarget "JungleHotelUITests" */;
			buildPhases = (
				21A21E392E5E05BE00DF48D4 /* Sources */,
				21A21E3A2E5E05BE00DF48D4 /* Frameworks */,
				21A21E3B2E5E05BE00DF48D4 /* Resources */,
			);
			buildRules = (
			);
			dependencies = (
				21A21E3F2E5E05BE00DF48D4 /* PBXTargetDependency */,
			);
			fileSystemSynchronizedGroups = (
				21A21E402E5E05BE00DF48D4 /* JungleHotelUITests */,
			);
			name = JungleHotelUITests;
			packageProductDependencies = (
			);
			productName = JungleHotelUITests;
			productReference = 21A21E3D2E5E05BE00DF48D4 /* JungleHotelUITests.xctest */;
			productType = "com.apple.product-type.bundle.ui-testing";
		};
/* End PBXNativeTarget section */

/* Begin PBXProject section */
		21A21E1B2E5E05BD00DF48D4 /* Project object */ = {
			isa = PBXProject;
			attributes = {
				BuildIndependentTargetsInParallel = 1;
				LastSwiftUpdateCheck = 1610;
				LastUpgradeCheck = 1610;
				TargetAttributes = {
					21A21E222E5E05BD00DF48D4 = {
						CreatedOnToolsVersion = 16.1;
					};
					21A21E322E5E05BE00DF48D4 = {
						CreatedOnToolsVersion = 16.1;
						TestTargetID = 21A21E222E5E05BD00DF48D4;
					};
					21A21E3C2E5E05BE00DF48D4 = {
						CreatedOnToolsVersion = 16.1;
						TestTargetID = 21A21E222E5E05BD00DF48D4;
					};
				};
			};
			buildConfigurationList = 21A21E1E2E5E05BD00DF48D4 /* Build configuration list for PBXProject "JungleHotel" */;
			developmentRegion = en;
			hasScannedForEncodings = 0;
			knownRegions = (
				en,
				Base,
			);
			mainGroup = 21A21E1A2E5E05BD00DF48D4;
			minimizedProjectReferenceProxies = 1;
			packageReferences = (
				21EF353B2E5F6748000972CC /* XCRemoteSwiftPackageReference "firebase-ios-sdk" */,
			);
			preferredProjectObjectVersion = 77;
			productRefGroup = 21A21E242E5E05BD00DF48D4 /* Products */;
			projectDirPath = "";
			projectRoot = "";
			targets = (
				21A21E222E5E05BD00DF48D4 /* JungleHotel */,
				21A21E322E5E05BE00DF48D4 /* JungleHotelTests */,
				21A21E3C2E5E05BE00DF48D4 /* JungleHotelUITests */,
			);
		};
/* End PBXProject section */

/* Begin PBXResourcesBuildPhase section */
		21A21E212E5E05BD00DF48D4 /* Resources */ = {
			isa = PBXResourcesBuildPhase;
			buildActionMask = 2147483647;
			files = (
			);
			runOnlyForDeploymentPostprocessing = 0;
		};
		21A21E312E5E05BE00DF48D4 /* Resources */ = {
			isa = PBXResourcesBuildPhase;
			buildActionMask = 2147483647;
			files = (
			);
			runOnlyForDeploymentPostprocessing = 0;
		};
		21A21E3B2E5E05BE00DF48D4 /* Resources */ = {
			isa = PBXResourcesBuildPhase;
			buildActionMask = 2147483647;
			files = (
			);
			runOnlyForDeploymentPostprocessing = 0;
		};
/* End PBXResourcesBuildPhase section */

/* Begin PBXSourcesBuildPhase section */
		21A21E1F2E5E05BD00DF48D4 /* Sources */ = {
			isa = PBXSourcesBuildPhase;
			buildActionMask = 2147483647;
			files = (
			);
			runOnlyForDeploymentPostprocessing = 0;
		};
		21A21E2F2E5E05BE00DF48D4 /* Sources */ = {
			isa = PBXSourcesBuildPhase;
			buildActionMask = 2147483647;
			files = (
			);
			runOnlyForDeploymentPostprocessing = 0;
		};
		21A21E392E5E05BE00DF48D4 /* Sources */ = {
			isa = PBXSourcesBuildPhase;
			buildActionMask = 2147483647;
			files = (
			);
			runOnlyForDeploymentPostprocessing = 0;
		};
/* End PBXSourcesBuildPhase section */

/* Begin PBXTargetDependency section */
		21A21E352E5E05BE00DF48D4 /* PBXTargetDependency */ = {
			isa = PBXTargetDependency;
			target = 21A21E222E5E05BD00DF48D4 /* JungleHotel */;
			targetProxy = 21A21E342E5E05BE00DF48D4 /* PBXContainerItemProxy */;
		};
		21A21E3F2E5E05BE00DF48D4 /* PBXTargetDependency */ = {
			isa = PBXTargetDependency;
			target = 21A21E222E5E05BD00DF48D4 /* JungleHotel */;
			targetProxy = 21A21E3E2E5E05BE00DF48D4 /* PBXContainerItemProxy */;
		};
/* End PBXTargetDependency section */

/* Begin XCBuildConfiguration section */
		21A21E452E5E05BE00DF48D4 /* Debug */ = {
			isa = XCBuildConfiguration;
			buildSettings = {
				ALWAYS_SEARCH_USER_PATHS = NO;
				ASSETCATALOG_COMPILER_GENERATE_SWIFT_ASSET_SYMBOL_EXTENSIONS = YES;
				CLANG_ANALYZER_NONNULL = YES;
				CLANG_ANALYZER_NUMBER_OBJECT_CONVERSION = YES_AGGRESSIVE;
				CLANG_CXX_LANGUAGE_STANDARD = "gnu++20";
				CLANG_ENABLE_MODULES = YES;
				CLANG_ENABLE_OBJC_ARC = YES;
				CLANG_ENABLE_OBJC_WEAK = YES;
				CLANG_WARN_BLOCK_CAPTURE_AUTORELEASING = YES;
				CLANG_WARN_BOOL_CONVERSION = YES;
				CLANG_WARN_COMMA = YES;
				CLANG_WARN_CONSTANT_CONVERSION = YES;
				CLANG_WARN_DEPRECATED_OBJC_IMPLEMENTATIONS = YES;
				CLANG_WARN_DIRECT_OBJC_ISA_USAGE = YES_ERROR;
				CLANG_WARN_DOCUMENTATION_COMMENTS = YES;
				CLANG_WARN_EMPTY_BODY = YES;
				CLANG_WARN_ENUM_CONVERSION = YES;
				CLANG_WARN_INFINITE_RECURSION = YES;
				CLANG_WARN_INT_CONVERSION = YES;
				CLANG_WARN_NON_LITERAL_NULL_CONVERSION = YES;
				CLANG_WARN_OBJC_IMPLICIT_RETAIN_SELF = YES;
				CLANG_WARN_OBJC_LITERAL_CONVERSION = YES;
				CLANG_WARN_OBJC_ROOT_CLASS = YES_ERROR;
				CLANG_WARN_QUOTED_INCLUDE_IN_FRAMEWORK_HEADER = YES;
				CLANG_WARN_RANGE_LOOP_ANALYSIS = YES;
				CLANG_WARN_STRICT_PROTOTYPES = YES;
				CLANG_WARN_SUSPICIOUS_MOVE = YES;
				CLANG_WARN_UNGUARDED_AVAILABILITY = YES_AGGRESSIVE;
				CLANG_WARN_UNREACHABLE_CODE = YES;
				CLANG_WARN__DUPLICATE_METHOD_MATCH = YES;
				COPY_PHASE_STRIP = NO;
				DEBUG_INFORMATION_FORMAT = dwarf;
				ENABLE_STRICT_OBJC_MSGSEND = YES;
				ENABLE_TESTABILITY = YES;
				ENABLE_USER_SCRIPT_SANDBOXING = YES;
				GCC_C_LANGUAGE_STANDARD = gnu17;
				GCC_DYNAMIC_NO_PIC = NO;
				GCC_NO_COMMON_BLOCKS = YES;
				GCC_OPTIMIZATION_LEVEL = 0;
				GCC_PREPROCESSOR_DEFINITIONS = (
					"DEBUG=1",
					"$(inherited)",
				);
				GCC_WARN_64_TO_32_BIT_CONVERSION = YES;
				GCC_WARN_ABOUT_RETURN_TYPE = YES_ERROR;
				GCC_WARN_UNDECLARED_SELECTOR = YES;
				GCC_WARN_UNINITIALIZED_AUTOS = YES_AGGRESSIVE;
				GCC_WARN_UNUSED_FUNCTION = YES;
				GCC_WARN_UNUSED_VARIABLE = YES;
				IPHONEOS_DEPLOYMENT_TARGET = 18.1;
				LOCALIZATION_PREFERS_STRING_CATALOGS = YES;
				MTL_ENABLE_DEBUG_INFO = INCLUDE_SOURCE;
				MTL_FAST_MATH = YES;
				ONLY_ACTIVE_ARCH = YES;
				SDKROOT = iphoneos;
				SWIFT_ACTIVE_COMPILATION_CONDITIONS = "DEBUG $(inherited)";
				SWIFT_OPTIMIZATION_LEVEL = "-Onone";
			};
			name = Debug;
		};
		21A21E462E5E05BE00DF48D4 /* Release */ = {
			isa = XCBuildConfiguration;
			buildSettings = {
				ALWAYS_SEARCH_USER_PATHS = NO;
				ASSETCATALOG_COMPILER_GENERATE_SWIFT_ASSET_SYMBOL_EXTENSIONS = YES;
				CLANG_ANALYZER_NONNULL = YES;
				CLANG_ANALYZER_NUMBER_OBJECT_CONVERSION = YES_AGGRESSIVE;
				CLANG_CXX_LANGUAGE_STANDARD = "gnu++20";
				CLANG_ENABLE_MODULES = YES;
				CLANG_ENABLE_OBJC_ARC = YES;
				CLANG_ENABLE_OBJC_WEAK = YES;
				CLANG_WARN_BLOCK_CAPTURE_AUTORELEASING = YES;
				CLANG_WARN_BOOL_CONVERSION = YES;
				CLANG_WARN_COMMA = YES;
				CLANG_WARN_CONSTANT_CONVERSION = YES;
				CLANG_WARN_DEPRECATED_OBJC_IMPLEMENTATIONS = YES;
				CLANG_WARN_DIRECT_OBJC_ISA_USAGE = YES_ERROR;
				CLANG_WARN_DOCUMENTATION_COMMENTS = YES;
				CLANG_WARN_EMPTY_BODY = YES;
				CLANG_WARN_ENUM_CONVERSION = YES;
				CLANG_WARN_INFINITE_RECURSION = YES;
				CLANG_WARN_INT_CONVERSION = YES;
				CLANG_WARN_NON_LITERAL_NULL_CONVERSION = YES;
				CLANG_WARN_OBJC_IMPLICIT_RETAIN_SELF = YES;
				CLANG_WARN_OBJC_LITERAL_CONVERSION = YES;
				CLANG_WARN_OBJC_ROOT_CLASS = YES_ERROR;
				CLANG_WARN_QUOTED_INCLUDE_IN_FRAMEWORK_HEADER = YES;
				CLANG_WARN_RANGE_LOOP_ANALYSIS = YES;
				CLANG_WARN_STRICT_PROTOTYPES = YES;
				CLANG_WARN_SUSPICIOUS_MOVE = YES;
				CLANG_WARN_UNGUARDED_AVAILABILITY = YES_AGGRESSIVE;
				CLANG_WARN_UNREACHABLE_CODE = YES;
				CLANG_WARN__DUPLICATE_METHOD_MATCH = YES;
				COPY_PHASE_STRIP = NO;
				DEBUG_INFORMATION_FORMAT = "dwarf-with-dsym";
				ENABLE_NS_ASSERTIONS = NO;
				ENABLE_STRICT_OBJC_MSGSEND = YES;
				ENABLE_USER_SCRIPT_SANDBOXING = YES;
				GCC_C_LANGUAGE_STANDARD = gnu17;
				GCC_NO_COMMON_BLOCKS = YES;
				GCC_WARN_64_TO_32_BIT_CONVERSION = YES;
				GCC_WARN_ABOUT_RETURN_TYPE = YES_ERROR;
				GCC_WARN_UNDECLARED_SELECTOR = YES;
				GCC_WARN_UNINITIALIZED_AUTOS = YES_AGGRESSIVE;
				GCC_WARN_UNUSED_FUNCTION = YES;
				GCC_WARN_UNUSED_VARIABLE = YES;
				IPHONEOS_DEPLOYMENT_TARGET = 18.1;
				LOCALIZATION_PREFERS_STRING_CATALOGS = YES;
				MTL_ENABLE_DEBUG_INFO = NO;
				MTL_FAST_MATH = YES;
				SDKROOT = iphoneos;
				SWIFT_COMPILATION_MODE = wholemodule;
				VALIDATE_PRODUCT = YES;
			};
			name = Release;
		};
		21A21E482E5E05BE00DF48D4 /* Debug */ = {
			isa = XCBuildConfiguration;
			buildSettings = {
				ASSETCATALOG_COMPILER_APPICON_NAME = AppIcon;
				ASSETCATALOG_COMPILER_GLOBAL_ACCENT_COLOR_NAME = AccentColor;
				CODE_SIGN_STYLE = Automatic;
				CURRENT_PROJECT_VERSION = 1;
				DEVELOPMENT_ASSET_PATHS = "\"JungleHotel/Preview Content\"";
				ENABLE_PREVIEWS = YES;
				GENERATE_INFOPLIST_FILE = YES;
				INFOPLIST_KEY_UIApplicationSceneManifest_Generation = YES;
				INFOPLIST_KEY_UIApplicationSupportsIndirectInputEvents = YES;
				INFOPLIST_KEY_UILaunchScreen_Generation = YES;
				INFOPLIST_KEY_UISupportedInterfaceOrientations_iPad = "UIInterfaceOrientationPortrait UIInterfaceOrientationPortraitUpsideDown UIInterfaceOrientationLandscapeLeft UIInterfaceOrientationLandscapeRight";
				INFOPLIST_KEY_UISupportedInterfaceOrientations_iPhone = "UIInterfaceOrientationPortrait UIInterfaceOrientationLandscapeLeft UIInterfaceOrientationLandscapeRight";
				LD_RUNPATH_SEARCH_PATHS = (
					"$(inherited)",
					"@executable_path/Frameworks",
				);
				MARKETING_VERSION = 1.0;
				PRODUCT_BUNDLE_IDENTIFIER = com.junglehotel;
				PRODUCT_NAME = "$(TARGET_NAME)";
				SWIFT_EMIT_LOC_STRINGS = YES;
				SWIFT_VERSION = 5.0;
				TARGETED_DEVICE_FAMILY = "1,2";
			};
			name = Debug;
		};
		21A21E492E5E05BE00DF48D4 /* Release */ = {
			isa = XCBuildConfiguration;
			buildSettings = {
				ASSETCATALOG_COMPILER_APPICON_NAME = AppIcon;
				ASSETCATALOG_COMPILER_GLOBAL_ACCENT_COLOR_NAME = AccentColor;
				CODE_SIGN_STYLE = Automatic;
				CURRENT_PROJECT_VERSION = 1;
				DEVELOPMENT_ASSET_PATHS = "\"JungleHotel/Preview Content\"";
				ENABLE_PREVIEWS = YES;
				GENERATE_INFOPLIST_FILE = YES;
				INFOPLIST_KEY_UIApplicationSceneManifest_Generation = YES;
				INFOPLIST_KEY_UIApplicationSupportsIndirectInputEvents = YES;
				INFOPLIST_KEY_UILaunchScreen_Generation = YES;
				INFOPLIST_KEY_UISupportedInterfaceOrientations_iPad = "UIInterfaceOrientationPortrait UIInterfaceOrientationPortraitUpsideDown UIInterfaceOrientationLandscapeLeft UIInterfaceOrientationLandscapeRight";
				INFOPLIST_KEY_UISupportedInterfaceOrientations_iPhone = "UIInterfaceOrientationPortrait UIInterfaceOrientationLandscapeLeft UIInterfaceOrientationLandscapeRight";
				LD_RUNPATH_SEARCH_PATHS = (
					"$(inherited)",
					"@executable_path/Frameworks",
				);
				MARKETING_VERSION = 1.0;
				PRODUCT_BUNDLE_IDENTIFIER = com.junglehotel;
				PRODUCT_NAME = "$(TARGET_NAME)";
				SWIFT_EMIT_LOC_STRINGS = YES;
				SWIFT_VERSION = 5.0;
				TARGETED_DEVICE_FAMILY = "1,2";
			};
			name = Release;
		};
		21A21E4B2E5E05BE00DF48D4 /* Debug */ = {
			isa = XCBuildConfiguration;
			buildSettings = {
				BUNDLE_LOADER = "$(TEST_HOST)";
				CODE_SIGN_STYLE = Automatic;
				CURRENT_PROJECT_VERSION = 1;
				GENERATE_INFOPLIST_FILE = YES;
				IPHONEOS_DEPLOYMENT_TARGET = 18.1;
				MARKETING_VERSION = 1.0;
				PRODUCT_BUNDLE_IDENTIFIER = Login.JungleHotelTests;
				PRODUCT_NAME = "$(TARGET_NAME)";
				SWIFT_EMIT_LOC_STRINGS = NO;
				SWIFT_VERSION = 5.0;
				TARGETED_DEVICE_FAMILY = "1,2";
				TEST_HOST = "$(BUILT_PRODUCTS_DIR)/JungleHotel.app/$(BUNDLE_EXECUTABLE_FOLDER_PATH)/JungleHotel";
			};
			name = Debug;
		};
		21A21E4C2E5E05BE00DF48D4 /* Release */ = {
			isa = XCBuildConfiguration;
			buildSettings = {
				BUNDLE_LOADER = "$(TEST_HOST)";
				CODE_SIGN_STYLE = Automatic;
				CURRENT_PROJECT_VERSION = 1;
				GENERATE_INFOPLIST_FILE = YES;
				IPHONEOS_DEPLOYMENT_TARGET = 18.1;
				MARKETING_VERSION = 1.0;
				PRODUCT_BUNDLE_IDENTIFIER = Login.JungleHotelTests;
				PRODUCT_NAME = "$(TARGET_NAME)";
				SWIFT_EMIT_LOC_STRINGS = NO;
				SWIFT_VERSION = 5.0;
				TARGETED_DEVICE_FAMILY = "1,2";
				TEST_HOST = "$(BUILT_PRODUCTS_DIR)/JungleHotel.app/$(BUNDLE_EXECUTABLE_FOLDER_PATH)/JungleHotel";
			};
			name = Release;
		};
		21A21E4E2E5E05BE00DF48D4 /* Debug */ = {
			isa = XCBuildConfiguration;
			buildSettings = {
				CODE_SIGN_STYLE = Automatic;
				CURRENT_PROJECT_VERSION = 1;
				GENERATE_INFOPLIST_FILE = YES;
				MARKETING_VERSION = 1.0;
				PRODUCT_BUNDLE_IDENTIFIER = Login.JungleHotelUITests;
				PRODUCT_NAME = "$(TARGET_NAME)";
				SWIFT_EMIT_LOC_STRINGS = NO;
				SWIFT_VERSION = 5.0;
				TARGETED_DEVICE_FAMILY = "1,2";
				TEST_TARGET_NAME = JungleHotel;
			};
			name = Debug;
		};
		21A21E4F2E5E05BE00DF48D4 /* Release */ = {
			isa = XCBuildConfiguration;
			buildSettings = {
				CODE_SIGN_STYLE = Automatic;
				CURRENT_PROJECT_VERSION = 1;
				GENERATE_INFOPLIST_FILE = YES;
				MARKETING_VERSION = 1.0;
				PRODUCT_BUNDLE_IDENTIFIER = Login.JungleHotelUITests;
				PRODUCT_NAME = "$(TARGET_NAME)";
				SWIFT_EMIT_LOC_STRINGS = NO;
				SWIFT_VERSION = 5.0;
				TARGETED_DEVICE_FAMILY = "1,2";
				TEST_TARGET_NAME = JungleHotel;
			};
			name = Release;
		};
/* End XCBuildConfiguration section */

/* Begin XCConfigurationList section */
		21A21E1E2E5E05BD00DF48D4 /* Build configuration list for PBXProject "JungleHotel" */ = {
			isa = XCConfigurationList;
			buildConfigurations = (
				21A21E452E5E05BE00DF48D4 /* Debug */,
				21A21E462E5E05BE00DF48D4 /* Release */,
			);
			defaultConfigurationIsVisible = 0;
			defaultConfigurationName = Release;
		};
		21A21E472E5E05BE00DF48D4 /* Build configuration list for PBXNativeTarget "JungleHotel" */ = {
			isa = XCConfigurationList;
			buildConfigurations = (
				21A21E482E5E05BE00DF48D4 /* Debug */,
				21A21E492E5E05BE00DF48D4 /* Release */,
			);
			defaultConfigurationIsVisible = 0;
			defaultConfigurationName = Release;
		};
		21A21E4A2E5E05BE00DF48D4 /* Build configuration list for PBXNativeTarget "JungleHotelTests" */ = {
			isa = XCConfigurationList;
			buildConfigurations = (
				21A21E4B2E5E05BE00DF48D4 /* Debug */,
				21A21E4C2E5E05BE00DF48D4 /* Release */,
			);
			defaultConfigurationIsVisible = 0;
			defaultConfigurationName = Release;
		};
		21A21E4D2E5E05BE00DF48D4 /* Build configuration list for PBXNativeTarget "JungleHotelUITests" */ = {
			isa = XCConfigurationList;
			buildConfigurations = (
				21A21E4E2E5E05BE00DF48D4 /* Debug */,
				21A21E4F2E5E05BE00DF48D4 /* Release */,
			);
			defaultConfigurationIsVisible = 0;
			defaultConfigurationName = Release;
		};
/* End XCConfigurationList section */

/* Begin XCRemoteSwiftPackageReference section */
		21EF353B2E5F6748000972CC /* XCRemoteSwiftPackageReference "firebase-ios-sdk" */ = {
			isa = XCRemoteSwiftPackageReference;
			repositoryURL = "https://github.com/firebase/firebase-ios-sdk";
			requirement = {
				kind = upToNextMajorVersion;
				minimumVersion = 12.1.0;
			};
		};
/* End XCRemoteSwiftPackageReference section */

/* Begin XCSwiftPackageProductDependency section */
		21EF353C2E5F6792000972CC /* FirebaseAI */ = {
			isa = XCSwiftPackageProductDependency;
			package = 21EF353B2E5F6748000972CC /* XCRemoteSwiftPackageReference "firebase-ios-sdk" */;
			productName = FirebaseAI;
		};
		21EF353E2E5F6792000972CC /* FirebaseAnalytics */ = {
			isa = XCSwiftPackageProductDependency;
			package = 21EF353B2E5F6748000972CC /* XCRemoteSwiftPackageReference "firebase-ios-sdk" */;
			productName = FirebaseAnalytics;
		};
		21EF35402E5F6792000972CC /* FirebaseAnalyticsCore */ = {
			isa = XCSwiftPackageProductDependency;
			package = 21EF353B2E5F6748000972CC /* XCRemoteSwiftPackageReference "firebase-ios-sdk" */;
			productName = FirebaseAnalyticsCore;
		};
		21EF35422E5F6792000972CC /* FirebaseAnalyticsIdentitySupport */ = {
			isa = XCSwiftPackageProductDependency;
			package = 21EF353B2E5F6748000972CC /* XCRemoteSwiftPackageReference "firebase-ios-sdk" */;
			productName = FirebaseAnalyticsIdentitySupport;
		};
		21EF35442E5F6792000972CC /* FirebaseAppCheck */ = {
			isa = XCSwiftPackageProductDependency;
			package = 21EF353B2E5F6748000972CC /* XCRemoteSwiftPackageReference "firebase-ios-sdk" */;
			productName = FirebaseAppCheck;
		};
		21EF35462E5F6792000972CC /* FirebaseAppDistribution-Beta */ = {
			isa = XCSwiftPackageProductDependency;
			package = 21EF353B2E5F6748000972CC /* XCRemoteSwiftPackageReference "firebase-ios-sdk" */;
			productName = "FirebaseAppDistribution-Beta";
		};
		21EF35482E5F6792000972CC /* FirebaseAuth */ = {
			isa = XCSwiftPackageProductDependency;
			package = 21EF353B2E5F6748000972CC /* XCRemoteSwiftPackageReference "firebase-ios-sdk" */;
			productName = FirebaseAuth;
		};
		21EF354A2E5F6792000972CC /* FirebaseAuthCombine-Community */ = {
			isa = XCSwiftPackageProductDependency;
			package = 21EF353B2E5F6748000972CC /* XCRemoteSwiftPackageReference "firebase-ios-sdk" */;
			productName = "FirebaseAuthCombine-Community";
		};
		21EF354C2E5F6792000972CC /* FirebaseCore */ = {
			isa = XCSwiftPackageProductDependency;
			package = 21EF353B2E5F6748000972CC /* XCRemoteSwiftPackageReference "firebase-ios-sdk" */;
			productName = FirebaseCore;
		};
		21EF354E2E5F6792000972CC /* FirebaseCrashlytics */ = {
			isa = XCSwiftPackageProductDependency;
			package = 21EF353B2E5F6748000972CC /* XCRemoteSwiftPackageReference "firebase-ios-sdk" */;
			productName = FirebaseCrashlytics;
		};
		21EF35502E5F6792000972CC /* FirebaseDatabase */ = {
			isa = XCSwiftPackageProductDependency;
			package = 21EF353B2E5F6748000972CC /* XCRemoteSwiftPackageReference "firebase-ios-sdk" */;
			productName = FirebaseDatabase;
		};
		21EF35522E5F6792000972CC /* FirebaseFirestore */ = {
			isa = XCSwiftPackageProductDependency;
			package = 21EF353B2E5F6748000972CC /* XCRemoteSwiftPackageReference "firebase-ios-sdk" */;
			productName = FirebaseFirestore;
		};
		21EF35542E5F6792000972CC /* FirebaseFirestoreCombine-Community */ = {
			isa = XCSwiftPackageProductDependency;
			package = 21EF353B2E5F6748000972CC /* XCRemoteSwiftPackageReference "firebase-ios-sdk" */;
			productName = "FirebaseFirestoreCombine-Community";
		};
/* End XCSwiftPackageProductDependency section */
	};
	rootObject = 21A21E1B2E5E05BD00DF48D4 /* Project object */;
}
